
Microsoft Visual Studio Solution File, Format Version 12.00
# Visual Studio 2012
Project("{FAE04EC0-301F-11D3-BF4B-00C04F79EFBC}") = "HA.COSMOS.Messages", "HA.COSMOS.Messages\HA.COSMOS.Messages.csproj", "{EE434706-B085-4C6A-8196-171E528B170E}"
EndProject
Project("{FAE04EC0-301F-11D3-BF4B-00C04F79EFBC}") = "HA.COSMOS.ValueObjects", "HA.COSMOS.ValueObjects\HA.COSMOS.ValueObjects.csproj", "{EE7F8213-6441-4AB8-B1ED-F652C907676C}"
EndProject
Project("{FAE04EC0-301F-11D3-BF4B-00C04F79EFBC}") = "HA.COSMOS.Worker.MessageHandlers", "HA.COSMOS.Worker.MessageHandlers\HA.COSMOS.Worker.MessageHandlers.csproj", "{35912394-CAC0-4170-9439-2B1B910C92FC}"
EndProject
Project("{FAE04EC0-301F-11D3-BF4B-00C04F79EFBC}") = "HA.COSMOS.Service.MessageHandlers", "HA.COSMOS.Service.MessageHandlers\HA.COSMOS.Service.MessageHandlers.csproj", "{6A6368E9-22B9-4FA0-A48F-824389620F47}"
EndProject
Project("{FAE04EC0-301F-11D3-BF4B-00C04F79EFBC}") = "HA.WCF.COSMOS", "HA.WCF.COSMOS\HA.WCF.COSMOS.csproj", "{C78D1B0E-1492-42EF-80C7-7A5391F16F4E}"
EndProject
Project("{FAE04EC0-301F-11D3-BF4B-00C04F79EFBC}") = "HA.COSMOS.Worker", "HA.COSMOS.Worker\HA.COSMOS.Worker.csproj", "{FC922C4B-D97C-45FB-A38B-939129232648}"
EndProject
Project("{FAE04EC0-301F-11D3-BF4B-00C04F79EFBC}") = "COSMOSClientConsole", "COSMOSClientConsole\COSMOSClientConsole.csproj", "{FA4E7963-94CF-44F0-A4EC-7A0DD3F9F034}"
EndProject
Project("{FAE04EC0-301F-11D3-BF4B-00C04F79EFBC}") = "HA.COSMOS.Worker.MessageHandlers.Tests", "HA.COSMOS.Worker.MessageHandlers.Tests\HA.COSMOS.Worker.MessageHandlers.Tests.csproj", "{1113F6B7-00A7-40F5-AB80-C2065A7A2B13}"
EndProject
Project("{FAE04EC0-301F-11D3-BF4B-00C04F79EFBC}") = "HA.COSMOS.Contracts", "HA.COSMOS.Contracts\HA.COSMOS.Contracts.csproj", "{D0199F92-C6D6-4456-832D-C50E71BE5C16}"
EndProject
Project("{FAE04EC0-301F-11D3-BF4B-00C04F79EFBC}") = "HA.COSMOS.Services", "HA.COSMOS.Services\HA.COSMOS.Services.csproj", "{D85448F0-2C68-472D-B6D5-E098460E6838}"
EndProject
Project("{FAE04EC0-301F-11D3-BF4B-00C04F79EFBC}") = "HA.COSMOS.DAContracts", "HA.COSMOS.DAContracts\HA.COSMOS.DAContracts.csproj", "{F598DE54-E531-44CA-81E9-C092C80BCA1C}"
EndProject
Project("{FAE04EC0-301F-11D3-BF4B-00C04F79EFBC}") = "HA.COSMOS.Entities", "HA.COSMOS.Entities\HA.COSMOS.Entities.csproj", "{CECA89CA-CD62-42BF-8050-9FEEDE9E6E5C}"
EndProject
Project("{FAE04EC0-301F-11D3-BF4B-00C04F79EFBC}") = "HA.COSMOS.Mongo.DAL", "HA.COSMOS.Mongo.DAL\HA.COSMOS.Mongo.DAL.csproj", "{9F4FB849-B5C6-4CF6-8BD9-F6C01A953D7F}"
EndProject
Project("{2150E333-8FDC-42A3-9474-1A3956D46DE8}") = "Server", "Server", "{A63D14EB-0142-4389-8649-DD23AEDFFBEC}"
EndProject
Project("{2150E333-8FDC-42A3-9474-1A3956D46DE8}") = "Client", "Client", "{A87258BB-44AB-484B-9192-6F86871C6726}"
EndProject
Project("{2150E333-8FDC-42A3-9474-1A3956D46DE8}") = "Common", "Common", "{0EE263A4-41B6-43E0-8210-9D9E0C2267B5}"
EndProject
Project("{2150E333-8FDC-42A3-9474-1A3956D46DE8}") = "DAL", "DAL", "{5254CE2A-C8EF-42DC-AA63-C94D66BAB1CF}"
EndProject
Project("{2150E333-8FDC-42A3-9474-1A3956D46DE8}") = "BL", "BL", "{D6DADEBD-FC4A-4938-8F9F-23A540669012}"
EndProject
Project("{2150E333-8FDC-42A3-9474-1A3956D46DE8}") = "Common", "Common", "{571E6947-4040-4EE1-BA0B-B4082531DEF0}"
EndProject
Project("{2150E333-8FDC-42A3-9474-1A3956D46DE8}") = "EndPoints", "EndPoints", "{7F78BA05-A945-42AE-AD93-0AD4B5F6AADD}"
EndProject
Project("{FAE04EC0-301F-11D3-BF4B-00C04F79EFBC}") = "HA.COSMOS.Services.Tests", "HA.COSMOS.Services.Tests\HA.COSMOS.Services.Tests.csproj", "{0397769E-8DF5-4795-8607-87242A7E534A}"
EndProject
Project("{FAE04EC0-301F-11D3-BF4B-00C04F79EFBC}") = "HA.COSMOS.WebApi", "HA.COSMOS.WebApi\HA.COSMOS.WebApi.csproj", "{93F2546B-6505-4D10-A556-66DB796CFEF3}"
EndProject
Global
	GlobalSection(SolutionConfigurationPlatforms) = preSolution
		Debug|Any CPU = Debug|Any CPU
		Debug|x64 = Debug|x64
		Debug|x86 = Debug|x86
		Release|Any CPU = Release|Any CPU
		Release|x64 = Release|x64
		Release|x86 = Release|x86
	EndGlobalSection
	GlobalSection(ProjectConfigurationPlatforms) = postSolution
		{EE434706-B085-4C6A-8196-171E528B170E}.Debug|Any CPU.ActiveCfg = Debug|Any CPU
		{EE434706-B085-4C6A-8196-171E528B170E}.Debug|Any CPU.Build.0 = Debug|Any CPU
		{EE434706-B085-4C6A-8196-171E528B170E}.Debug|x64.ActiveCfg = Debug|x64
		{EE434706-B085-4C6A-8196-171E528B170E}.Debug|x64.Build.0 = Debug|x64
		{EE434706-B085-4C6A-8196-171E528B170E}.Debug|x86.ActiveCfg = Debug|x86
		{EE434706-B085-4C6A-8196-171E528B170E}.Debug|x86.Build.0 = Debug|x86
		{EE434706-B085-4C6A-8196-171E528B170E}.Release|Any CPU.ActiveCfg = Release|Any CPU
		{EE434706-B085-4C6A-8196-171E528B170E}.Release|Any CPU.Build.0 = Release|Any CPU
		{EE434706-B085-4C6A-8196-171E528B170E}.Release|x64.ActiveCfg = Release|x64
		{EE434706-B085-4C6A-8196-171E528B170E}.Release|x64.Build.0 = Release|x64
		{EE434706-B085-4C6A-8196-171E528B170E}.Release|x86.ActiveCfg = Release|x86
		{EE434706-B085-4C6A-8196-171E528B170E}.Release|x86.Build.0 = Release|x86
		{EE7F8213-6441-4AB8-B1ED-F652C907676C}.Debug|Any CPU.ActiveCfg = Debug|Any CPU
		{EE7F8213-6441-4AB8-B1ED-F652C907676C}.Debug|Any CPU.Build.0 = Debug|Any CPU
		{EE7F8213-6441-4AB8-B1ED-F652C907676C}.Debug|x64.ActiveCfg = Debug|x64
		{EE7F8213-6441-4AB8-B1ED-F652C907676C}.Debug|x64.Build.0 = Debug|x64
		{EE7F8213-6441-4AB8-B1ED-F652C907676C}.Debug|x86.ActiveCfg = Debug|x86
		{EE7F8213-6441-4AB8-B1ED-F652C907676C}.Debug|x86.Build.0 = Debug|x86
		{EE7F8213-6441-4AB8-B1ED-F652C907676C}.Release|Any CPU.ActiveCfg = Release|Any CPU
		{EE7F8213-6441-4AB8-B1ED-F652C907676C}.Release|Any CPU.Build.0 = Release|Any CPU
		{EE7F8213-6441-4AB8-B1ED-F652C907676C}.Release|x64.ActiveCfg = Release|x64
		{EE7F8213-6441-4AB8-B1ED-F652C907676C}.Release|x64.Build.0 = Release|x64
		{EE7F8213-6441-4AB8-B1ED-F652C907676C}.Release|x86.ActiveCfg = Release|x86
		{EE7F8213-6441-4AB8-B1ED-F652C907676C}.Release|x86.Build.0 = Release|x86
		{35912394-CAC0-4170-9439-2B1B910C92FC}.Debug|Any CPU.ActiveCfg = Debug|Any CPU
		{35912394-CAC0-4170-9439-2B1B910C92FC}.Debug|Any CPU.Build.0 = Debug|Any CPU
		{35912394-CAC0-4170-9439-2B1B910C92FC}.Debug|x64.ActiveCfg = Debug|x64
		{35912394-CAC0-4170-9439-2B1B910C92FC}.Debug|x64.Build.0 = Debug|x64
		{35912394-CAC0-4170-9439-2B1B910C92FC}.Debug|x86.ActiveCfg = Debug|x86
		{35912394-CAC0-4170-9439-2B1B910C92FC}.Debug|x86.Build.0 = Debug|x86
		{35912394-CAC0-4170-9439-2B1B910C92FC}.Release|Any CPU.ActiveCfg = Release|Any CPU
		{35912394-CAC0-4170-9439-2B1B910C92FC}.Release|Any CPU.Build.0 = Release|Any CPU
		{35912394-CAC0-4170-9439-2B1B910C92FC}.Release|x64.ActiveCfg = Release|x64
		{35912394-CAC0-4170-9439-2B1B910C92FC}.Release|x64.Build.0 = Release|x64
		{35912394-CAC0-4170-9439-2B1B910C92FC}.Release|x86.ActiveCfg = Release|x86
		{35912394-CAC0-4170-9439-2B1B910C92FC}.Release|x86.Build.0 = Release|x86
		{6A6368E9-22B9-4FA0-A48F-824389620F47}.Debug|Any CPU.ActiveCfg = Debug|Any CPU
		{6A6368E9-22B9-4FA0-A48F-824389620F47}.Debug|Any CPU.Build.0 = Debug|Any CPU
		{6A6368E9-22B9-4FA0-A48F-824389620F47}.Debug|x64.ActiveCfg = Debug|x64
		{6A6368E9-22B9-4FA0-A48F-824389620F47}.Debug|x64.Build.0 = Debug|x64
		{6A6368E9-22B9-4FA0-A48F-824389620F47}.Debug|x86.ActiveCfg = Debug|x86
		{6A6368E9-22B9-4FA0-A48F-824389620F47}.Debug|x86.Build.0 = Debug|x86
		{6A6368E9-22B9-4FA0-A48F-824389620F47}.Release|Any CPU.ActiveCfg = Release|Any CPU
		{6A6368E9-22B9-4FA0-A48F-824389620F47}.Release|Any CPU.Build.0 = Release|Any CPU
		{6A6368E9-22B9-4FA0-A48F-824389620F47}.Release|x64.ActiveCfg = Release|x64
		{6A6368E9-22B9-4FA0-A48F-824389620F47}.Release|x64.Build.0 = Release|x64
		{6A6368E9-22B9-4FA0-A48F-824389620F47}.Release|x86.ActiveCfg = Release|x86
		{6A6368E9-22B9-4FA0-A48F-824389620F47}.Release|x86.Build.0 = Release|x86
		{C78D1B0E-1492-42EF-80C7-7A5391F16F4E}.Debug|Any CPU.ActiveCfg = Debug|Any CPU
		{C78D1B0E-1492-42EF-80C7-7A5391F16F4E}.Debug|Any CPU.Build.0 = Debug|Any CPU
		{C78D1B0E-1492-42EF-80C7-7A5391F16F4E}.Debug|x64.ActiveCfg = Debug|x64
		{C78D1B0E-1492-42EF-80C7-7A5391F16F4E}.Debug|x64.Build.0 = Debug|x64
		{C78D1B0E-1492-42EF-80C7-7A5391F16F4E}.Debug|x86.ActiveCfg = Debug|x86
		{C78D1B0E-1492-42EF-80C7-7A5391F16F4E}.Debug|x86.Build.0 = Debug|x86
		{C78D1B0E-1492-42EF-80C7-7A5391F16F4E}.Release|Any CPU.ActiveCfg = Release|Any CPU
		{C78D1B0E-1492-42EF-80C7-7A5391F16F4E}.Release|Any CPU.Build.0 = Release|Any CPU
		{C78D1B0E-1492-42EF-80C7-7A5391F16F4E}.Release|x64.ActiveCfg = Release|x64
		{C78D1B0E-1492-42EF-80C7-7A5391F16F4E}.Release|x64.Build.0 = Release|x64
		{C78D1B0E-1492-42EF-80C7-7A5391F16F4E}.Release|x86.ActiveCfg = Release|x86
		{C78D1B0E-1492-42EF-80C7-7A5391F16F4E}.Release|x86.Build.0 = Release|x86
		{FC922C4B-D97C-45FB-A38B-939129232648}.Debug|Any CPU.ActiveCfg = Debug|Any CPU
		{FC922C4B-D97C-45FB-A38B-939129232648}.Debug|Any CPU.Build.0 = Debug|Any CPU
		{FC922C4B-D97C-45FB-A38B-939129232648}.Debug|x64.ActiveCfg = Debug|x64
		{FC922C4B-D97C-45FB-A38B-939129232648}.Debug|x64.Build.0 = Debug|x64
		{FC922C4B-D97C-45FB-A38B-939129232648}.Debug|x86.ActiveCfg = Debug|x86
		{FC922C4B-D97C-45FB-A38B-939129232648}.Debug|x86.Build.0 = Debug|x86
		{FC922C4B-D97C-45FB-A38B-939129232648}.Release|Any CPU.ActiveCfg = Release|Any CPU
		{FC922C4B-D97C-45FB-A38B-939129232648}.Release|Any CPU.Build.0 = Release|Any CPU
		{FC922C4B-D97C-45FB-A38B-939129232648}.Release|x64.ActiveCfg = Release|x64
		{FC922C4B-D97C-45FB-A38B-939129232648}.Release|x64.Build.0 = Release|x64
		{FC922C4B-D97C-45FB-A38B-939129232648}.Release|x86.ActiveCfg = Release|x86
		{FC922C4B-D97C-45FB-A38B-939129232648}.Release|x86.Build.0 = Release|x86
		{FA4E7963-94CF-44F0-A4EC-7A0DD3F9F034}.Debug|Any CPU.ActiveCfg = Debug|Any CPU
		{FA4E7963-94CF-44F0-A4EC-7A0DD3F9F034}.Debug|Any CPU.Build.0 = Debug|Any CPU
		{FA4E7963-94CF-44F0-A4EC-7A0DD3F9F034}.Debug|x64.ActiveCfg = Debug|x64
		{FA4E7963-94CF-44F0-A4EC-7A0DD3F9F034}.Debug|x64.Build.0 = Debug|x64
		{FA4E7963-94CF-44F0-A4EC-7A0DD3F9F034}.Debug|x86.ActiveCfg = Debug|x86
		{FA4E7963-94CF-44F0-A4EC-7A0DD3F9F034}.Debug|x86.Build.0 = Debug|x86
		{FA4E7963-94CF-44F0-A4EC-7A0DD3F9F034}.Release|Any CPU.ActiveCfg = Release|Any CPU
		{FA4E7963-94CF-44F0-A4EC-7A0DD3F9F034}.Release|Any CPU.Build.0 = Release|Any CPU
		{FA4E7963-94CF-44F0-A4EC-7A0DD3F9F034}.Release|x64.ActiveCfg = Release|x64
		{FA4E7963-94CF-44F0-A4EC-7A0DD3F9F034}.Release|x64.Build.0 = Release|x64
		{FA4E7963-94CF-44F0-A4EC-7A0DD3F9F034}.Release|x86.ActiveCfg = Release|x86
		{FA4E7963-94CF-44F0-A4EC-7A0DD3F9F034}.Release|x86.Build.0 = Release|x86
		{1113F6B7-00A7-40F5-AB80-C2065A7A2B13}.Debug|Any CPU.ActiveCfg = Debug|Any CPU
		{1113F6B7-00A7-40F5-AB80-C2065A7A2B13}.Debug|Any CPU.Build.0 = Debug|Any CPU
		{1113F6B7-00A7-40F5-AB80-C2065A7A2B13}.Debug|x64.ActiveCfg = Debug|x64
		{1113F6B7-00A7-40F5-AB80-C2065A7A2B13}.Debug|x64.Build.0 = Debug|x64
		{1113F6B7-00A7-40F5-AB80-C2065A7A2B13}.Debug|x86.ActiveCfg = Debug|x86
		{1113F6B7-00A7-40F5-AB80-C2065A7A2B13}.Debug|x86.Build.0 = Debug|x86
		{1113F6B7-00A7-40F5-AB80-C2065A7A2B13}.Release|Any CPU.ActiveCfg = Release|Any CPU
		{1113F6B7-00A7-40F5-AB80-C2065A7A2B13}.Release|Any CPU.Build.0 = Release|Any CPU
		{1113F6B7-00A7-40F5-AB80-C2065A7A2B13}.Release|x64.ActiveCfg = Release|x64
		{1113F6B7-00A7-40F5-AB80-C2065A7A2B13}.Release|x64.Build.0 = Release|x64
		{1113F6B7-00A7-40F5-AB80-C2065A7A2B13}.Release|x86.ActiveCfg = Release|x86
		{1113F6B7-00A7-40F5-AB80-C2065A7A2B13}.Release|x86.Build.0 = Release|x86
		{D0199F92-C6D6-4456-832D-C50E71BE5C16}.Debug|Any CPU.ActiveCfg = Debug|Any CPU
		{D0199F92-C6D6-4456-832D-C50E71BE5C16}.Debug|Any CPU.Build.0 = Debug|Any CPU
		{D0199F92-C6D6-4456-832D-C50E71BE5C16}.Debug|x64.ActiveCfg = Debug|x64
		{D0199F92-C6D6-4456-832D-C50E71BE5C16}.Debug|x64.Build.0 = Debug|x64
		{D0199F92-C6D6-4456-832D-C50E71BE5C16}.Debug|x86.ActiveCfg = Debug|x86
		{D0199F92-C6D6-4456-832D-C50E71BE5C16}.Debug|x86.Build.0 = Debug|x86
		{D0199F92-C6D6-4456-832D-C50E71BE5C16}.Release|Any CPU.ActiveCfg = Release|Any CPU
		{D0199F92-C6D6-4456-832D-C50E71BE5C16}.Release|Any CPU.Build.0 = Release|Any CPU
		{D0199F92-C6D6-4456-832D-C50E71BE5C16}.Release|x64.ActiveCfg = Release|x64
		{D0199F92-C6D6-4456-832D-C50E71BE5C16}.Release|x64.Build.0 = Release|x64
		{D0199F92-C6D6-4456-832D-C50E71BE5C16}.Release|x86.ActiveCfg = Release|x86
		{D0199F92-C6D6-4456-832D-C50E71BE5C16}.Release|x86.Build.0 = Release|x86
		{D85448F0-2C68-472D-B6D5-E098460E6838}.Debug|Any CPU.ActiveCfg = Debug|Any CPU
		{D85448F0-2C68-472D-B6D5-E098460E6838}.Debug|Any CPU.Build.0 = Debug|Any CPU
		{D85448F0-2C68-472D-B6D5-E098460E6838}.Debug|x64.ActiveCfg = Debug|x64
		{D85448F0-2C68-472D-B6D5-E098460E6838}.Debug|x64.Build.0 = Debug|x64
		{D85448F0-2C68-472D-B6D5-E098460E6838}.Debug|x86.ActiveCfg = Debug|x86
		{D85448F0-2C68-472D-B6D5-E098460E6838}.Debug|x86.Build.0 = Debug|x86
		{D85448F0-2C68-472D-B6D5-E098460E6838}.Release|Any CPU.ActiveCfg = Release|Any CPU
		{D85448F0-2C68-472D-B6D5-E098460E6838}.Release|Any CPU.Build.0 = Release|Any CPU
		{D85448F0-2C68-472D-B6D5-E098460E6838}.Release|x64.ActiveCfg = Release|x64
		{D85448F0-2C68-472D-B6D5-E098460E6838}.Release|x64.Build.0 = Release|x64
		{D85448F0-2C68-472D-B6D5-E098460E6838}.Release|x86.ActiveCfg = Release|x86
		{D85448F0-2C68-472D-B6D5-E098460E6838}.Release|x86.Build.0 = Release|x86
		{F598DE54-E531-44CA-81E9-C092C80BCA1C}.Debug|Any CPU.ActiveCfg = Debug|Any CPU
		{F598DE54-E531-44CA-81E9-C092C80BCA1C}.Debug|Any CPU.Build.0 = Debug|Any CPU
		{F598DE54-E531-44CA-81E9-C092C80BCA1C}.Debug|x64.ActiveCfg = Debug|x64
		{F598DE54-E531-44CA-81E9-C092C80BCA1C}.Debug|x64.Build.0 = Debug|x64
		{F598DE54-E531-44CA-81E9-C092C80BCA1C}.Debug|x86.ActiveCfg = Debug|x86
		{F598DE54-E531-44CA-81E9-C092C80BCA1C}.Debug|x86.Build.0 = Debug|x86
		{F598DE54-E531-44CA-81E9-C092C80BCA1C}.Release|Any CPU.ActiveCfg = Release|Any CPU
		{F598DE54-E531-44CA-81E9-C092C80BCA1C}.Release|Any CPU.Build.0 = Release|Any CPU
		{F598DE54-E531-44CA-81E9-C092C80BCA1C}.Release|x64.ActiveCfg = Release|x64
		{F598DE54-E531-44CA-81E9-C092C80BCA1C}.Release|x64.Build.0 = Release|x64
		{F598DE54-E531-44CA-81E9-C092C80BCA1C}.Release|x86.ActiveCfg = Release|x86
		{F598DE54-E531-44CA-81E9-C092C80BCA1C}.Release|x86.Build.0 = Release|x86
		{CECA89CA-CD62-42BF-8050-9FEEDE9E6E5C}.Debug|Any CPU.ActiveCfg = Debug|Any CPU
		{CECA89CA-CD62-42BF-8050-9FEEDE9E6E5C}.Debug|Any CPU.Build.0 = Debug|Any CPU
		{CECA89CA-CD62-42BF-8050-9FEEDE9E6E5C}.Debug|x64.ActiveCfg = Debug|x64
		{CECA89CA-CD62-42BF-8050-9FEEDE9E6E5C}.Debug|x64.Build.0 = Debug|x64
		{CECA89CA-CD62-42BF-8050-9FEEDE9E6E5C}.Debug|x86.ActiveCfg = Debug|x86
		{CECA89CA-CD62-42BF-8050-9FEEDE9E6E5C}.Debug|x86.Build.0 = Debug|x86
		{CECA89CA-CD62-42BF-8050-9FEEDE9E6E5C}.Release|Any CPU.ActiveCfg = Release|Any CPU
		{CECA89CA-CD62-42BF-8050-9FEEDE9E6E5C}.Release|Any CPU.Build.0 = Release|Any CPU
		{CECA89CA-CD62-42BF-8050-9FEEDE9E6E5C}.Release|x64.ActiveCfg = Release|x64
		{CECA89CA-CD62-42BF-8050-9FEEDE9E6E5C}.Release|x64.Build.0 = Release|x64
		{CECA89CA-CD62-42BF-8050-9FEEDE9E6E5C}.Release|x86.ActiveCfg = Release|x86
		{CECA89CA-CD62-42BF-8050-9FEEDE9E6E5C}.Release|x86.Build.0 = Release|x86
		{9F4FB849-B5C6-4CF6-8BD9-F6C01A953D7F}.Debug|Any CPU.ActiveCfg = Debug|Any CPU
		{9F4FB849-B5C6-4CF6-8BD9-F6C01A953D7F}.Debug|Any CPU.Build.0 = Debug|Any CPU
		{9F4FB849-B5C6-4CF6-8BD9-F6C01A953D7F}.Debug|x64.ActiveCfg = Debug|x64
		{9F4FB849-B5C6-4CF6-8BD9-F6C01A953D7F}.Debug|x64.Build.0 = Debug|x64
		{9F4FB849-B5C6-4CF6-8BD9-F6C01A953D7F}.Debug|x86.ActiveCfg = Debug|x86
		{9F4FB849-B5C6-4CF6-8BD9-F6C01A953D7F}.Debug|x86.Build.0 = Debug|x86
		{9F4FB849-B5C6-4CF6-8BD9-F6C01A953D7F}.Release|Any CPU.ActiveCfg = Release|Any CPU
		{9F4FB849-B5C6-4CF6-8BD9-F6C01A953D7F}.Release|Any CPU.Build.0 = Release|Any CPU
		{9F4FB849-B5C6-4CF6-8BD9-F6C01A953D7F}.Release|x64.ActiveCfg = Release|x64
		{9F4FB849-B5C6-4CF6-8BD9-F6C01A953D7F}.Release|x64.Build.0 = Release|x64
		{9F4FB849-B5C6-4CF6-8BD9-F6C01A953D7F}.Release|x86.ActiveCfg = Release|x86
		{9F4FB849-B5C6-4CF6-8BD9-F6C01A953D7F}.Release|x86.Build.0 = Release|x86
		{0397769E-8DF5-4795-8607-87242A7E534A}.Debug|Any CPU.ActiveCfg = Debug|Any CPU
		{0397769E-8DF5-4795-8607-87242A7E534A}.Debug|Any CPU.Build.0 = Debug|Any CPU
		{0397769E-8DF5-4795-8607-87242A7E534A}.Debug|x64.ActiveCfg = Debug|Any CPU
		{0397769E-8DF5-4795-8607-87242A7E534A}.Debug|x86.ActiveCfg = Debug|Any CPU
		{0397769E-8DF5-4795-8607-87242A7E534A}.Release|Any CPU.ActiveCfg = Release|Any CPU
		{0397769E-8DF5-4795-8607-87242A7E534A}.Release|Any CPU.Build.0 = Release|Any CPU
		{0397769E-8DF5-4795-8607-87242A7E534A}.Release|x64.ActiveCfg = Release|Any CPU
		{0397769E-8DF5-4795-8607-87242A7E534A}.Release|x86.ActiveCfg = Release|Any CPU
		{93F2546B-6505-4D10-A556-66DB796CFEF3}.Debug|Any CPU.ActiveCfg = Debug|Any CPU
		{93F2546B-6505-4D10-A556-66DB796CFEF3}.Debug|Any CPU.Build.0 = Debug|Any CPU
		{93F2546B-6505-4D10-A556-66DB796CFEF3}.Debug|x64.ActiveCfg = Debug|Any CPU
		{93F2546B-6505-4D10-A556-66DB796CFEF3}.Debug|x86.ActiveCfg = Debug|Any CPU
		{93F2546B-6505-4D10-A556-66DB796CFEF3}.Release|Any CPU.ActiveCfg = Release|Any CPU
		{93F2546B-6505-4D10-A556-66DB796CFEF3}.Release|Any CPU.Build.0 = Release|Any CPU
		{93F2546B-6505-4D10-A556-66DB796CFEF3}.Release|x64.ActiveCfg = Release|Any CPU
		{93F2546B-6505-4D10-A556-66DB796CFEF3}.Release|x86.ActiveCfg = Release|Any CPU
	EndGlobalSection
	GlobalSection(SolutionProperties) = preSolution
		HideSolutionNode = FALSE
	EndGlobalSection
	GlobalSection(NestedProjects) = preSolution
		{7F78BA05-A945-42AE-AD93-0AD4B5F6AADD} = {A63D14EB-0142-4389-8649-DD23AEDFFBEC}
		{571E6947-4040-4EE1-BA0B-B4082531DEF0} = {A63D14EB-0142-4389-8649-DD23AEDFFBEC}
		{D6DADEBD-FC4A-4938-8F9F-23A540669012} = {A63D14EB-0142-4389-8649-DD23AEDFFBEC}
		{5254CE2A-C8EF-42DC-AA63-C94D66BAB1CF} = {A63D14EB-0142-4389-8649-DD23AEDFFBEC}
		{EE7F8213-6441-4AB8-B1ED-F652C907676C} = {0EE263A4-41B6-43E0-8210-9D9E0C2267B5}
		{6A6368E9-22B9-4FA0-A48F-824389620F47} = {7F78BA05-A945-42AE-AD93-0AD4B5F6AADD}
		{C78D1B0E-1492-42EF-80C7-7A5391F16F4E} = {7F78BA05-A945-42AE-AD93-0AD4B5F6AADD}
		{FC922C4B-D97C-45FB-A38B-939129232648} = {7F78BA05-A945-42AE-AD93-0AD4B5F6AADD}
		{1113F6B7-00A7-40F5-AB80-C2065A7A2B13} = {7F78BA05-A945-42AE-AD93-0AD4B5F6AADD}
		{EE434706-B085-4C6A-8196-171E528B170E} = {7F78BA05-A945-42AE-AD93-0AD4B5F6AADD}
		{35912394-CAC0-4170-9439-2B1B910C92FC} = {7F78BA05-A945-42AE-AD93-0AD4B5F6AADD}
		{93F2546B-6505-4D10-A556-66DB796CFEF3} = {7F78BA05-A945-42AE-AD93-0AD4B5F6AADD}
		{FA4E7963-94CF-44F0-A4EC-7A0DD3F9F034} = {A87258BB-44AB-484B-9192-6F86871C6726}
		{F598DE54-E531-44CA-81E9-C092C80BCA1C} = {571E6947-4040-4EE1-BA0B-B4082531DEF0}
		{CECA89CA-CD62-42BF-8050-9FEEDE9E6E5C} = {571E6947-4040-4EE1-BA0B-B4082531DEF0}
		{D0199F92-C6D6-4456-832D-C50E71BE5C16} = {571E6947-4040-4EE1-BA0B-B4082531DEF0}
		{D85448F0-2C68-472D-B6D5-E098460E6838} = {D6DADEBD-FC4A-4938-8F9F-23A540669012}
		{0397769E-8DF5-4795-8607-87242A7E534A} = {D6DADEBD-FC4A-4938-8F9F-23A540669012}
		{9F4FB849-B5C6-4CF6-8BD9-F6C01A953D7F} = {5254CE2A-C8EF-42DC-AA63-C94D66BAB1CF}
	EndGlobalSection
EndGlobal
