
Microsoft Visual Studio Solution File, Format Version 12.00
# Visual Studio 2013
VisualStudioVersion = 12.0.31101.0
MinimumVisualStudioVersion = 10.0.40219.1
Project("{2150E333-8FDC-42A3-9474-1A3956D46DE8}") = "Server", "Server", "{713556FE-9970-4DEC-8870-12B5A2132EE5}"
EndProject
Project("{2150E333-8FDC-42A3-9474-1A3956D46DE8}") = "Client", "Client", "{B5FD805B-8501-4200-819B-51E9CD8A0EA6}"
EndProject
Project("{2150E333-8FDC-42A3-9474-1A3956D46DE8}") = "Common", "Common", "{F31A63D5-881E-4741-A798-E5B951FCEC3C}"
EndProject
Project("{FAE04EC0-301F-11D3-BF4B-00C04F79EFBC}") = "HA.Common", "HA.Common\HA.Common.csproj", "{5461E177-650B-4CDD-A6C7-5B149CD88163}"
EndProject
Project("{FAE04EC0-301F-11D3-BF4B-00C04F79EFBC}") = "HA.WCF.Messages", "HA.Wcf.Messages\HA.WCF.Messages.csproj", "{3C3D5AE8-591D-4E34-BB6C-F579C213F7D9}"
EndProject
Project("{FAE04EC0-301F-11D3-BF4B-00C04F79EFBC}") = "HA.WCF.Services", "HA.Wcf.Services\HA.WCF.Services.csproj", "{DD95AA97-44D6-4884-9584-063ABC2BA74D}"
EndProject
Project("{FAE04EC0-301F-11D3-BF4B-00C04F79EFBC}") = "HA.Wcf.Proxies", "HA.Wcf.Proxies\HA.Wcf.Proxies.csproj", "{E0CCA060-9B68-4343-AD13-2CA4E47B689B}"
EndProject
Project("{FAE04EC0-301F-11D3-BF4B-00C04F79EFBC}") = "HA.UtilityContracts", "HA.UtilityContracts\HA.UtilityContracts.csproj", "{2B9D0B3C-70CE-4FEA-9109-0429E50820D5}"
EndProject
Project("{FAE04EC0-301F-11D3-BF4B-00C04F79EFBC}") = "HA.Server.Utilities", "HA.Server.Utilities\HA.Server.Utilities.csproj", "{28877CD8-FC56-4A11-9900-EE854933BABF}"
EndProject
Project("{FAE04EC0-301F-11D3-BF4B-00C04F79EFBC}") = "HA.Contracts", "HA.Contracts\HA.Contracts.csproj", "{EE14F522-23FE-4180-A8D3-E5F566998567}"
EndProject
Project("{FAE04EC0-301F-11D3-BF4B-00C04F79EFBC}") = "HA.NServiceBus.Utilities", "HA.NServiceBus.Utilities\HA.NServiceBus.Utilities.csproj", "{8F3246E4-D037-4139-9E10-CAF5C8E89F6B}"
EndProject
Global
	GlobalSection(SolutionConfigurationPlatforms) = preSolution
		Debug|Any CPU = Debug|Any CPU
		Debug|x64 = Debug|x64
		Debug|x86 = Debug|x86
		Release|Any CPU = Release|Any CPU
		Release|x64 = Release|x64
		Release|x86 = Release|x86
	EndGlobalSection
	GlobalSection(ProjectConfigurationPlatforms) = postSolution
		{5461E177-650B-4CDD-A6C7-5B149CD88163}.Debug|Any CPU.ActiveCfg = Debug|Any CPU
		{5461E177-650B-4CDD-A6C7-5B149CD88163}.Debug|Any CPU.Build.0 = Debug|Any CPU
		{5461E177-650B-4CDD-A6C7-5B149CD88163}.Debug|x64.ActiveCfg = Debug|x64
		{5461E177-650B-4CDD-A6C7-5B149CD88163}.Debug|x64.Build.0 = Debug|x64
		{5461E177-650B-4CDD-A6C7-5B149CD88163}.Debug|x86.ActiveCfg = Debug|x86
		{5461E177-650B-4CDD-A6C7-5B149CD88163}.Debug|x86.Build.0 = Debug|x86
		{5461E177-650B-4CDD-A6C7-5B149CD88163}.Release|Any CPU.ActiveCfg = Release|Any CPU
		{5461E177-650B-4CDD-A6C7-5B149CD88163}.Release|Any CPU.Build.0 = Release|Any CPU
		{5461E177-650B-4CDD-A6C7-5B149CD88163}.Release|x64.ActiveCfg = Release|x64
		{5461E177-650B-4CDD-A6C7-5B149CD88163}.Release|x64.Build.0 = Release|x64
		{5461E177-650B-4CDD-A6C7-5B149CD88163}.Release|x86.ActiveCfg = Release|x86
		{5461E177-650B-4CDD-A6C7-5B149CD88163}.Release|x86.Build.0 = Release|x86
		{3C3D5AE8-591D-4E34-BB6C-F579C213F7D9}.Debug|Any CPU.ActiveCfg = Debug|Any CPU
		{3C3D5AE8-591D-4E34-BB6C-F579C213F7D9}.Debug|Any CPU.Build.0 = Debug|Any CPU
		{3C3D5AE8-591D-4E34-BB6C-F579C213F7D9}.Debug|x64.ActiveCfg = Debug|x64
		{3C3D5AE8-591D-4E34-BB6C-F579C213F7D9}.Debug|x64.Build.0 = Debug|x64
		{3C3D5AE8-591D-4E34-BB6C-F579C213F7D9}.Debug|x86.ActiveCfg = Debug|x86
		{3C3D5AE8-591D-4E34-BB6C-F579C213F7D9}.Debug|x86.Build.0 = Debug|x86
		{3C3D5AE8-591D-4E34-BB6C-F579C213F7D9}.Release|Any CPU.ActiveCfg = Release|Any CPU
		{3C3D5AE8-591D-4E34-BB6C-F579C213F7D9}.Release|Any CPU.Build.0 = Release|Any CPU
		{3C3D5AE8-591D-4E34-BB6C-F579C213F7D9}.Release|x64.ActiveCfg = Release|x64
		{3C3D5AE8-591D-4E34-BB6C-F579C213F7D9}.Release|x64.Build.0 = Release|x64
		{3C3D5AE8-591D-4E34-BB6C-F579C213F7D9}.Release|x86.ActiveCfg = Release|x86
		{3C3D5AE8-591D-4E34-BB6C-F579C213F7D9}.Release|x86.Build.0 = Release|x86
		{DD95AA97-44D6-4884-9584-063ABC2BA74D}.Debug|Any CPU.ActiveCfg = Debug|Any CPU
		{DD95AA97-44D6-4884-9584-063ABC2BA74D}.Debug|Any CPU.Build.0 = Debug|Any CPU
		{DD95AA97-44D6-4884-9584-063ABC2BA74D}.Debug|x64.ActiveCfg = Debug|x64
		{DD95AA97-44D6-4884-9584-063ABC2BA74D}.Debug|x64.Build.0 = Debug|x64
		{DD95AA97-44D6-4884-9584-063ABC2BA74D}.Debug|x86.ActiveCfg = Debug|x86
		{DD95AA97-44D6-4884-9584-063ABC2BA74D}.Debug|x86.Build.0 = Debug|x86
		{DD95AA97-44D6-4884-9584-063ABC2BA74D}.Release|Any CPU.ActiveCfg = Release|Any CPU
		{DD95AA97-44D6-4884-9584-063ABC2BA74D}.Release|Any CPU.Build.0 = Release|Any CPU
		{DD95AA97-44D6-4884-9584-063ABC2BA74D}.Release|x64.ActiveCfg = Release|x64
		{DD95AA97-44D6-4884-9584-063ABC2BA74D}.Release|x64.Build.0 = Release|x64
		{DD95AA97-44D6-4884-9584-063ABC2BA74D}.Release|x86.ActiveCfg = Release|x86
		{DD95AA97-44D6-4884-9584-063ABC2BA74D}.Release|x86.Build.0 = Release|x86
		{E0CCA060-9B68-4343-AD13-2CA4E47B689B}.Debug|Any CPU.ActiveCfg = Debug|Any CPU
		{E0CCA060-9B68-4343-AD13-2CA4E47B689B}.Debug|Any CPU.Build.0 = Debug|Any CPU
		{E0CCA060-9B68-4343-AD13-2CA4E47B689B}.Debug|x64.ActiveCfg = Debug|x64
		{E0CCA060-9B68-4343-AD13-2CA4E47B689B}.Debug|x64.Build.0 = Debug|x64
		{E0CCA060-9B68-4343-AD13-2CA4E47B689B}.Debug|x86.ActiveCfg = Debug|x86
		{E0CCA060-9B68-4343-AD13-2CA4E47B689B}.Debug|x86.Build.0 = Debug|x86
		{E0CCA060-9B68-4343-AD13-2CA4E47B689B}.Release|Any CPU.ActiveCfg = Release|Any CPU
		{E0CCA060-9B68-4343-AD13-2CA4E47B689B}.Release|Any CPU.Build.0 = Release|Any CPU
		{E0CCA060-9B68-4343-AD13-2CA4E47B689B}.Release|x64.ActiveCfg = Release|x64
		{E0CCA060-9B68-4343-AD13-2CA4E47B689B}.Release|x64.Build.0 = Release|x64
		{E0CCA060-9B68-4343-AD13-2CA4E47B689B}.Release|x86.ActiveCfg = Release|x86
		{E0CCA060-9B68-4343-AD13-2CA4E47B689B}.Release|x86.Build.0 = Release|x86
		{2B9D0B3C-70CE-4FEA-9109-0429E50820D5}.Debug|Any CPU.ActiveCfg = Debug|Any CPU
		{2B9D0B3C-70CE-4FEA-9109-0429E50820D5}.Debug|Any CPU.Build.0 = Debug|Any CPU
		{2B9D0B3C-70CE-4FEA-9109-0429E50820D5}.Debug|x64.ActiveCfg = Debug|x64
		{2B9D0B3C-70CE-4FEA-9109-0429E50820D5}.Debug|x64.Build.0 = Debug|x64
		{2B9D0B3C-70CE-4FEA-9109-0429E50820D5}.Debug|x86.ActiveCfg = Debug|x86
		{2B9D0B3C-70CE-4FEA-9109-0429E50820D5}.Debug|x86.Build.0 = Debug|x86
		{2B9D0B3C-70CE-4FEA-9109-0429E50820D5}.Release|Any CPU.ActiveCfg = Release|Any CPU
		{2B9D0B3C-70CE-4FEA-9109-0429E50820D5}.Release|Any CPU.Build.0 = Release|Any CPU
		{2B9D0B3C-70CE-4FEA-9109-0429E50820D5}.Release|x64.ActiveCfg = Release|x64
		{2B9D0B3C-70CE-4FEA-9109-0429E50820D5}.Release|x64.Build.0 = Release|x64
		{2B9D0B3C-70CE-4FEA-9109-0429E50820D5}.Release|x86.ActiveCfg = Release|x86
		{2B9D0B3C-70CE-4FEA-9109-0429E50820D5}.Release|x86.Build.0 = Release|x86
		{28877CD8-FC56-4A11-9900-EE854933BABF}.Debug|Any CPU.ActiveCfg = Debug|Any CPU
		{28877CD8-FC56-4A11-9900-EE854933BABF}.Debug|Any CPU.Build.0 = Debug|Any CPU
		{28877CD8-FC56-4A11-9900-EE854933BABF}.Debug|x64.ActiveCfg = Debug|x64
		{28877CD8-FC56-4A11-9900-EE854933BABF}.Debug|x64.Build.0 = Debug|x64
		{28877CD8-FC56-4A11-9900-EE854933BABF}.Debug|x86.ActiveCfg = Debug|x86
		{28877CD8-FC56-4A11-9900-EE854933BABF}.Debug|x86.Build.0 = Debug|x86
		{28877CD8-FC56-4A11-9900-EE854933BABF}.Release|Any CPU.ActiveCfg = Release|Any CPU
		{28877CD8-FC56-4A11-9900-EE854933BABF}.Release|Any CPU.Build.0 = Release|Any CPU
		{28877CD8-FC56-4A11-9900-EE854933BABF}.Release|x64.ActiveCfg = Release|x64
		{28877CD8-FC56-4A11-9900-EE854933BABF}.Release|x64.Build.0 = Release|x64
		{28877CD8-FC56-4A11-9900-EE854933BABF}.Release|x86.ActiveCfg = Release|x86
		{28877CD8-FC56-4A11-9900-EE854933BABF}.Release|x86.Build.0 = Release|x86
		{EE14F522-23FE-4180-A8D3-E5F566998567}.Debug|Any CPU.ActiveCfg = Debug|Any CPU
		{EE14F522-23FE-4180-A8D3-E5F566998567}.Debug|Any CPU.Build.0 = Debug|Any CPU
		{EE14F522-23FE-4180-A8D3-E5F566998567}.Debug|x64.ActiveCfg = Debug|x64
		{EE14F522-23FE-4180-A8D3-E5F566998567}.Debug|x64.Build.0 = Debug|x64
		{EE14F522-23FE-4180-A8D3-E5F566998567}.Debug|x86.ActiveCfg = Debug|x86
		{EE14F522-23FE-4180-A8D3-E5F566998567}.Debug|x86.Build.0 = Debug|x86
		{EE14F522-23FE-4180-A8D3-E5F566998567}.Release|Any CPU.ActiveCfg = Release|Any CPU
		{EE14F522-23FE-4180-A8D3-E5F566998567}.Release|Any CPU.Build.0 = Release|Any CPU
		{EE14F522-23FE-4180-A8D3-E5F566998567}.Release|x64.ActiveCfg = Release|x64
		{EE14F522-23FE-4180-A8D3-E5F566998567}.Release|x64.Build.0 = Release|x64
		{EE14F522-23FE-4180-A8D3-E5F566998567}.Release|x86.ActiveCfg = Release|x86
		{EE14F522-23FE-4180-A8D3-E5F566998567}.Release|x86.Build.0 = Release|x86
		{8F3246E4-D037-4139-9E10-CAF5C8E89F6B}.Debug|Any CPU.ActiveCfg = Debug|Any CPU
		{8F3246E4-D037-4139-9E10-CAF5C8E89F6B}.Debug|Any CPU.Build.0 = Debug|Any CPU
		{8F3246E4-D037-4139-9E10-CAF5C8E89F6B}.Debug|x64.ActiveCfg = Debug|Any CPU
		{8F3246E4-D037-4139-9E10-CAF5C8E89F6B}.Debug|x86.ActiveCfg = Debug|Any CPU
		{8F3246E4-D037-4139-9E10-CAF5C8E89F6B}.Release|Any CPU.ActiveCfg = Release|Any CPU
		{8F3246E4-D037-4139-9E10-CAF5C8E89F6B}.Release|Any CPU.Build.0 = Release|Any CPU
		{8F3246E4-D037-4139-9E10-CAF5C8E89F6B}.Release|x64.ActiveCfg = Release|Any CPU
		{8F3246E4-D037-4139-9E10-CAF5C8E89F6B}.Release|x86.ActiveCfg = Release|Any CPU
	EndGlobalSection
	GlobalSection(SolutionProperties) = preSolution
		HideSolutionNode = FALSE
	EndGlobalSection
	GlobalSection(NestedProjects) = preSolution
		{5461E177-650B-4CDD-A6C7-5B149CD88163} = {F31A63D5-881E-4741-A798-E5B951FCEC3C}
		{3C3D5AE8-591D-4E34-BB6C-F579C213F7D9} = {F31A63D5-881E-4741-A798-E5B951FCEC3C}
		{DD95AA97-44D6-4884-9584-063ABC2BA74D} = {713556FE-9970-4DEC-8870-12B5A2132EE5}
		{E0CCA060-9B68-4343-AD13-2CA4E47B689B} = {B5FD805B-8501-4200-819B-51E9CD8A0EA6}
		{2B9D0B3C-70CE-4FEA-9109-0429E50820D5} = {F31A63D5-881E-4741-A798-E5B951FCEC3C}
		{28877CD8-FC56-4A11-9900-EE854933BABF} = {713556FE-9970-4DEC-8870-12B5A2132EE5}
		{EE14F522-23FE-4180-A8D3-E5F566998567} = {F31A63D5-881E-4741-A798-E5B951FCEC3C}
		{8F3246E4-D037-4139-9E10-CAF5C8E89F6B} = {713556FE-9970-4DEC-8870-12B5A2132EE5}
	EndGlobalSection
EndGlobal
